
Microsoft Visual Studio Solution File, Format Version 12.00
# Visual Studio Version 17
VisualStudioVersion = 17.2.32630.192
MinimumVisualStudioVersion = 10.0.40219.1
Project("{9A19103F-16F7-4668-BE54-9A1E7A4F7556}") = "BakeryRecipe.Constants", "BakeryRecipe.Constants\BakeryRecipe.Constants.csproj", "{BC4F0FB9-EE0F-4C60-AF71-63CED3A1ABB7}"
EndProject
Project("{9A19103F-16F7-4668-BE54-9A1E7A4F7556}") = "BakeryRecipe.Data", "BakeryRecipe.Data\BakeryRecipe.Data.csproj", "{C090625A-8E51-46DE-BC98-31A6171C16E5}"
EndProject
Project("{9A19103F-16F7-4668-BE54-9A1E7A4F7556}") = "BakeryRecipe.Application", "BakeryRecipe.Application\BakeryRecipe.Application.csproj", "{46ABB846-0C96-413D-A76A-40D1BB66F43D}"
EndProject
Project("{9A19103F-16F7-4668-BE54-9A1E7A4F7556}") = "BakeryRecipe.ViewModels", "BakeryRecipe.ViewModels\BakeryRecipe.ViewModels.csproj", "{FB9BFE73-664A-420C-9024-09C78CF9B451}"
EndProject
Project("{9A19103F-16F7-4668-BE54-9A1E7A4F7556}") = "BakeryRecipe.Api", "BakeryRecipe.Api\BakeryRecipe.Api.csproj", "{BE703DD2-CF93-421A-B9DC-AE7C2B86960B}"
EndProject
Global
	GlobalSection(SolutionConfigurationPlatforms) = preSolution
		Debug|Any CPU = Debug|Any CPU
		Release|Any CPU = Release|Any CPU
	EndGlobalSection
	GlobalSection(ProjectConfigurationPlatforms) = postSolution
		{BC4F0FB9-EE0F-4C60-AF71-63CED3A1ABB7}.Debug|Any CPU.ActiveCfg = Debug|Any CPU
		{BC4F0FB9-EE0F-4C60-AF71-63CED3A1ABB7}.Debug|Any CPU.Build.0 = Debug|Any CPU
		{BC4F0FB9-EE0F-4C60-AF71-63CED3A1ABB7}.Release|Any CPU.ActiveCfg = Release|Any CPU
		{BC4F0FB9-EE0F-4C60-AF71-63CED3A1ABB7}.Release|Any CPU.Build.0 = Release|Any CPU
		{C090625A-8E51-46DE-BC98-31A6171C16E5}.Debug|Any CPU.ActiveCfg = Debug|Any CPU
		{C090625A-8E51-46DE-BC98-31A6171C16E5}.Debug|Any CPU.Build.0 = Debug|Any CPU
		{C090625A-8E51-46DE-BC98-31A6171C16E5}.Release|Any CPU.ActiveCfg = Release|Any CPU
		{C090625A-8E51-46DE-BC98-31A6171C16E5}.Release|Any CPU.Build.0 = Release|Any CPU
		{46ABB846-0C96-413D-A76A-40D1BB66F43D}.Debug|Any CPU.ActiveCfg = Debug|Any CPU
		{46ABB846-0C96-413D-A76A-40D1BB66F43D}.Debug|Any CPU.Build.0 = Debug|Any CPU
		{46ABB846-0C96-413D-A76A-40D1BB66F43D}.Release|Any CPU.ActiveCfg = Release|Any CPU
		{46ABB846-0C96-413D-A76A-40D1BB66F43D}.Release|Any CPU.Build.0 = Release|Any CPU
		{FB9BFE73-664A-420C-9024-09C78CF9B451}.Debug|Any CPU.ActiveCfg = Debug|Any CPU
		{FB9BFE73-664A-420C-9024-09C78CF9B451}.Debug|Any CPU.Build.0 = Debug|Any CPU
		{FB9BFE73-664A-420C-9024-09C78CF9B451}.Release|Any CPU.ActiveCfg = Release|Any CPU
		{FB9BFE73-664A-420C-9024-09C78CF9B451}.Release|Any CPU.Build.0 = Release|Any CPU
		{BE703DD2-CF93-421A-B9DC-AE7C2B86960B}.Debug|Any CPU.ActiveCfg = Debug|Any CPU
		{BE703DD2-CF93-421A-B9DC-AE7C2B86960B}.Debug|Any CPU.Build.0 = Debug|Any CPU
		{BE703DD2-CF93-421A-B9DC-AE7C2B86960B}.Release|Any CPU.ActiveCfg = Release|Any CPU
		{BE703DD2-CF93-421A-B9DC-AE7C2B86960B}.Release|Any CPU.Build.0 = Release|Any CPU
	EndGlobalSection
	GlobalSection(SolutionProperties) = preSolution
		HideSolutionNode = FALSE
	EndGlobalSection
	GlobalSection(ExtensibilityGlobals) = postSolution
		SolutionGuid = {F3781D47-47FF-4BF0-ABE6-3FF04476AF95}
	EndGlobalSection
EndGlobal
